<?xml version="1.0" encoding="utf-8"?>
<Project xmlns="http://schemas.microsoft.com/developer/msbuild/2003">
  <ItemGroup>
    <Filter Include="Form Files">
      <UniqueIdentifier>{99349809-55BA-4b9d-BF79-8FDBB0286EB3}</UniqueIdentifier>
      <Extensions>ui</Extensions>
      <ParseFiles>false</ParseFiles>
    </Filter>
    <Filter Include="Form Files">
      <UniqueIdentifier>{99349809-55BA-4b9d-BF79-8FDBB0286EB3}</UniqueIdentifier>
      <Extensions>ui</Extensions>
      <ParseFiles>false</ParseFiles>
    </Filter>
    <Filter Include="Generated Files">
      <UniqueIdentifier>{71ED8ED8-ACB9-4CE9-BBE1-E00B30144E11}</UniqueIdentifier>
      <Extensions>cpp;c;cxx;moc;h;def;odl;idl;res;</Extensions>
    </Filter>
    <Filter Include="Generated Files">
      <UniqueIdentifier>{71ED8ED8-ACB9-4CE9-BBE1-E00B30144E11}</UniqueIdentifier>
      <Extensions>cpp;c;cxx;moc;h;def;odl;idl;res;</Extensions>
    </Filter>
    <Filter Include="Resource Files">
      <UniqueIdentifier>{D9D6E242-F8AF-46E4-B9FD-80ECBC20BA3E}</UniqueIdentifier>
      <Extensions>qrc;*</Extensions>
      <ParseFiles>false</ParseFiles>
    </Filter>
    <Filter Include="Resource Files">
      <UniqueIdentifier>{D9D6E242-F8AF-46E4-B9FD-80ECBC20BA3E}</UniqueIdentifier>
      <Extensions>qrc;*</Extensions>
      <ParseFiles>false</ParseFiles>
    </Filter>
    <Filter Include="Facade">
      <UniqueIdentifier>{bbf3742c-7f0d-4fea-a5fa-2fd53149d24a}</UniqueIdentifier>
    </Filter>
    <Filter Include="Include">
      <UniqueIdentifier>{f09a9ad9-7324-498a-b720-7d356da0e53e}</UniqueIdentifier>
    </Filter>
    <Filter Include="Include\CommonInclude">
      <UniqueIdentifier>{712b0d35-6313-44ee-a0fa-f5a59b3e134e}</UniqueIdentifier>
    </Filter>
    <Filter Include="Include\Platform">
      <UniqueIdentifier>{f3711bd2-59dd-492c-879e-b4761557a441}</UniqueIdentifier>
    </Filter>
    <Filter Include="Include\Configure">
      <UniqueIdentifier>{a2807089-6714-48af-98af-e81bcf645bb9}</UniqueIdentifier>
    </Filter>
    <Filter Include="Include\Configure\TinyXml">
      <UniqueIdentifier>{e90af511-ca8b-486d-b6c2-fb1a94b2d03b}</UniqueIdentifier>
    </Filter>
    <Filter Include="Include\Logger">
      <UniqueIdentifier>{c42f0134-c0c4-4dbb-a90e-26ab44456fc2}</UniqueIdentifier>
    </Filter>
    <Filter Include="UI">
      <UniqueIdentifier>{5064225c-62ec-4a91-bfda-102993b96278}</UniqueIdentifier>
    </Filter>
  </ItemGroup>
  <ItemGroup>
    <ClCompile Include="..\..\Facade\Facade.cpp">
      <Filter>Facade</Filter>
    </ClCompile>
    <ClCompile Include="..\..\Facade\FrameBuilder.cpp">
      <Filter>Facade</Filter>
    </ClCompile>
    <ClCompile Include="..\..\Include\PlatForm\Windows\WindowsCore.cpp">
      <Filter>Include\Platform</Filter>
    </ClCompile>
    <ClCompile Include="CameraShot.cpp">
      <Filter>UI</Filter>
    </ClCompile>
    <ClCompile Include="main.cpp">
      <Filter>UI</Filter>
    </ClCompile>
    <ClCompile Include="mainwindow.cpp">
      <Filter>UI</Filter>
    </ClCompile>
  </ItemGroup>
  <ItemGroup>
    <QtMoc Include="CameraShot.h">
      <Filter>UI</Filter>
    </QtMoc>
    <QtMoc Include="mainwindow.h">
      <Filter>UI</Filter>
    </QtMoc>
    <QtMoc Include="..\..\Facade\Facade.h">
      <Filter>Facade</Filter>
    </QtMoc>
  </ItemGroup>
  <ItemGroup>
    <CustomBuild Include="debug\moc_predefs.h.cbt">
      <Filter>Generated Files</Filter>
    </CustomBuild>
    <CustomBuild Include="release\moc_predefs.h.cbt">
      <Filter>Generated Files</Filter>
    </CustomBuild>
  </ItemGroup>
  <ItemGroup>
    <QtUic Include="OnDisplay.ui">
      <Filter>Form Files</Filter>
    </QtUic>
  </ItemGroup>
  <ItemGroup>
    <QtRcc Include="Qss\Qss.qrc">
      <Filter>Resource Files</Filter>
    </QtRcc>
    <None Include="Qss\image\Start_64px.png">
      <Filter>Resource Files</Filter>
    </None>
    <None Include="Qss\image\Start_96px.png">
      <Filter>Resource Files</Filter>
    </None>
    <None Include="Qss\image\Stop_Normal_Red_96px.ico">
      <Filter>Resource Files</Filter>
    </None>
    <None Include="Qss\image\Stop_Normal_Red_96px.png">
      <Filter>Resource Files</Filter>
    </None>
    <None Include="Qss\image\add-line_horizontal.png">
      <Filter>Resource Files</Filter>
    </None>
    <None Include="Qss\image\add-line_vertical.png">
      <Filter>Resource Files</Filter>
    </None>
    <None Include="Qss\image\add_bottom.png">
      <Filter>Resource Files</Filter>
    </None>
    <None Include="Qss\image\add_left.png">
      <Filter>Resource Files</Filter>
    </None>
    <None Include="Qss\image\add_right.png">
      <Filter>Resource Files</Filter>
    </None>
    <None Include="Qss\image\add_top.png">
      <Filter>Resource Files</Filter>
    </None>
    <None Include="Qss\image\array_down.png">
      <Filter>Resource Files</Filter>
    </None>
    <None Include="Qss\image\branch_close.png">
      <Filter>Resource Files</Filter>
    </None>
    <None Include="Qss\image\branch_open.png">
      <Filter>Resource Files</Filter>
    </None>
    <None Include="Qss\image\calendar_nextmonth.png">
      <Filter>Resource Files</Filter>
    </None>
    <None Include="Qss\image\calendar_prevmonth.png">
      <Filter>Resource Files</Filter>
    </None>
    <None Include="Qss\image\checkbox_checked.png">
      <Filter>Resource Files</Filter>
    </None>
    <None Include="Qss\image\checkbox_checked_disable.png">
      <Filter>Resource Files</Filter>
    </None>
    <None Include="Qss\image\checkbox_parcial.png">
      <Filter>Resource Files</Filter>
    </None>
    <None Include="Qss\image\checkbox_parcial_disable.png">
      <Filter>Resource Files</Filter>
    </None>
    <None Include="Qss\image\checkbox_unchecked.png">
      <Filter>Resource Files</Filter>
    </None>
    <None Include="Qss\image\checkbox_unchecked_disable.png">
      <Filter>Resource Files</Filter>
    </None>
    <None Include="Qss\image\error.png">
      <Filter>Resource Files</Filter>
    </None>
    <None Include="Qss\fontawesome-webfont.ttf">
      <Filter>Resource Files</Filter>
    </None>
    <None Include="Qss\gray2.css">
      <Filter>Resource Files</Filter>
    </None>
    <None Include="Qss\gray_1.css">
      <Filter>Resource Files</Filter>
    </None>
    <None Include="Qss\image\info.png">
      <Filter>Resource Files</Filter>
    </None>
    <None Include="Qss\image\logo.ico">
      <Filter>Resource Files</Filter>
    </None>
    <None Include="Qss\image\logo.png">
      <Filter>Resource Files</Filter>
    </None>
    <None Include="Qss\image\logo2.png">
      <Filter>Resource Files</Filter>
    </None>
    <None Include="Qss\image\logo3.png">
      <Filter>Resource Files</Filter>
    </None>
    <None Include="Qss\image\logo4.ico">
      <Filter>Resource Files</Filter>
    </None>
    <None Include="Qss\image\logo4.png">
      <Filter>Resource Files</Filter>
    </None>
    <None Include="Qss\image\logo5.ico">
      <Filter>Resource Files</Filter>
    </None>
    <None Include="Qss\image\logo6.ico">
      <Filter>Resource Files</Filter>
    </None>
    <None Include="Qss\image\main_about.png">
      <Filter>Resource Files</Filter>
    </None>
    <None Include="Qss\image\main_company.png">
      <Filter>Resource Files</Filter>
    </None>
    <None Include="Qss\image\main_config.png">
      <Filter>Resource Files</Filter>
    </None>
    <None Include="Qss\image\main_data.png">
      <Filter>Resource Files</Filter>
    </None>
    <None Include="Qss\image\main_exit.png">
      <Filter>Resource Files</Filter>
    </None>
    <None Include="Qss\image\main_help.png">
      <Filter>Resource Files</Filter>
    </None>
    <None Include="Qss\image\main_main.png">
      <Filter>Resource Files</Filter>
    </None>
    <None Include="Qss\image\main_person.png">
      <Filter>Resource Files</Filter>
    </None>
    <None Include="Qss\image\ooopic.png">
      <Filter>Resource Files</Filter>
    </None>
    <None Include="Qss\image\ooopic_1527343609.png">
      <Filter>Resource Files</Filter>
    </None>
    <None Include="Qss\psblack.css">
      <Filter>Resource Files</Filter>
    </None>
    <None Include="Qss\qt_zh_CN.qm">
      <Filter>Resource Files</Filter>
    </None>
    <None Include="Qss\image\question.png">
      <Filter>Resource Files</Filter>
    </None>
    <None Include="Qss\image\radio_normal.png">
      <Filter>Resource Files</Filter>
    </None>
    <None Include="Qss\image\radio_selected.png">
      <Filter>Resource Files</Filter>
    </None>
    <None Include="Qss\image\radiobutton_checked.png">
      <Filter>Resource Files</Filter>
    </None>
    <None Include="Qss\image\radiobutton_checked_disable.png">
      <Filter>Resource Files</Filter>
    </None>
    <None Include="Qss\image\radiobutton_unchecked.png">
      <Filter>Resource Files</Filter>
    </None>
    <None Include="Qss\image\radiobutton_unchecked_disable.png">
      <Filter>Resource Files</Filter>
    </None>
    <None Include="Qss\image\sub-line_horizontal.png">
      <Filter>Resource Files</Filter>
    </None>
    <None Include="Qss\image\sub-line_vertical.png">
      <Filter>Resource Files</Filter>
    </None>
    <None Include="Qss\image\system_suspend_96px.png">
      <Filter>Resource Files</Filter>
    </None>
  </ItemGroup>
  <ItemGroup>
    <ClInclude Include="..\..\Facade\ModuleFactory.hpp">
      <Filter>Facade</Filter>
    </ClInclude>
    <ClInclude Include="..\..\Facade\FrameBuilder.h">
      <Filter>Facade</Filter>
    </ClInclude>
    <ClInclude Include="..\..\Include\PlatForm\Windows\WindowsCore.h">
      <Filter>Include\Platform</Filter>
    </ClInclude>
    <ClInclude Include="..\..\Include\CommonInclude\utility.hpp">
      <Filter>Include\CommonInclude</Filter>
    </ClInclude>
    <ClInclude Include="..\..\Include\CommonInclude\InspectException.h">
      <Filter>Include\CommonInclude</Filter>
    </ClInclude>
    <ClInclude Include="..\..\Include\CommonInclude\Memory.hpp">
      <Filter>Include\CommonInclude</Filter>
    </ClInclude>
    <ClInclude Include="..\..\Include\CommonInclude\PlatFormHead.h">
      <Filter>Include\CommonInclude</Filter>
    </ClInclude>
    <ClInclude Include="..\..\Include\CommonInclude\TypeDefine.h">
      <Filter>Include\CommonInclude</Filter>
    </ClInclude>
    <ClInclude Include="..\..\Include\Configure\TinyXml\tinyxml.h">
      <Filter>Include\Configure\TinyXml</Filter>
    </ClInclude>
    <ClInclude Include="..\..\Include\Configure\TinyXml\XmlParserShareHeader.h">
      <Filter>Include\Configure\TinyXml</Filter>
    </ClInclude>
    <ClInclude Include="..\..\Include\Configure\Configure.hpp">
      <Filter>Include\Configure</Filter>
    </ClInclude>
    <ClInclude Include="..\..\Include\Logger\UI_Logger.h">
      <Filter>Include\Logger</Filter>
    </ClInclude>
    <ClInclude Include="..\..\Include\Logger\BroadCastLogger.hpp">
      <Filter>Include\Logger</Filter>
    </ClInclude>
    <ClInclude Include="..\..\Include\Logger\Console_Logger.h">
      <Filter>Include\Logger</Filter>
    </ClInclude>
    <ClInclude Include="..\..\Include\Logger\Text_Logger.h">
      <Filter>Include\Logger</Filter>
    </ClInclude>
    <ClInclude Include="Convert.h">
      <Filter>UI</Filter>
    </ClInclude>
  </ItemGroup>
  <ItemGroup>
    <Text Include="..\..\Include\Configure\TinyXml\CMakeLists.txt">
      <Filter>Include\Configure\TinyXml</Filter>
    </Text>
  </ItemGroup>
</Project>