<?xml version="1.0" encoding="utf-8"?>
<Project ToolsVersion="14.0" xmlns="http://schemas.microsoft.com/developer/msbuild/2003">
  <ItemGroup>
    <ClCompile Include="D:\WorkSpace\Repository\VisionInspectionPro\src\Include\Configure\TinyXml\tinyxml.cpp">
      <Filter>Source Files</Filter>
    </ClCompile>
    <ClCompile Include="D:\WorkSpace\Repository\VisionInspectionPro\src\Include\Configure\TinyXml\tinyxmlerror.cpp">
      <Filter>Source Files</Filter>
    </ClCompile>
    <ClCompile Include="D:\WorkSpace\Repository\VisionInspectionPro\src\Include\Configure\TinyXml\tinyxmlparser.cpp">
      <Filter>Source Files</Filter>
    </ClCompile>
  </ItemGroup>
  <ItemGroup>
    <CustomBuild Include="D:\WorkSpace\Repository\VisionInspectionPro\src\Include\Configure\TinyXml\CMakeLists.txt" />
  </ItemGroup>
  <ItemGroup>
    <Filter Include="Source Files">
      <UniqueIdentifier>{71FD59F9-B7EB-3F22-9D9A-4C3B89736388}</UniqueIdentifier>
    </Filter>
  </ItemGroup>
</Project>
